// !$*UTF8*$!
{
	archiveVersion = 1;
	classes = {
	};
	objectVersion = 55;
	objects = {

/* Begin PBXBuildFile section */
		957FD7CC2872C3F60020F26F /* WebView.swift in Sources */ = {isa = PBXBuildFile; fileRef = 957FD7CB2872C3F60020F26F /* WebView.swift */; };
		957FD7CD2872C3F60020F26F /* WebView.swift in Sources */ = {isa = PBXBuildFile; fileRef = 957FD7CB2872C3F60020F26F /* WebView.swift */; };
		957FD7D2287449350020F26F /* WKWebViewScreen.swift in Sources */ = {isa = PBXBuildFile; fileRef = 957FD7D1287449350020F26F /* WKWebViewScreen.swift */; };
		957FD7D3287449350020F26F /* WKWebViewScreen.swift in Sources */ = {isa = PBXBuildFile; fileRef = 957FD7D1287449350020F26F /* WKWebViewScreen.swift */; };
		95D59F17286ECD820037C0F8 /* Xsolla_WebViewApp.swift in Sources */ = {isa = PBXBuildFile; fileRef = 95D59F07286ECD7E0037C0F8 /* Xsolla_WebViewApp.swift */; };
		95D59F18286ECD820037C0F8 /* Xsolla_WebViewApp.swift in Sources */ = {isa = PBXBuildFile; fileRef = 95D59F07286ECD7E0037C0F8 /* Xsolla_WebViewApp.swift */; };
		95D59F19286ECD820037C0F8 /* ContentView.swift in Sources */ = {isa = PBXBuildFile; fileRef = 95D59F08286ECD7E0037C0F8 /* ContentView.swift */; };
		95D59F1A286ECD820037C0F8 /* ContentView.swift in Sources */ = {isa = PBXBuildFile; fileRef = 95D59F08286ECD7E0037C0F8 /* ContentView.swift */; };
		95D59F1B286ECD820037C0F8 /* Assets.xcassets in Resources */ = {isa = PBXBuildFile; fileRef = 95D59F09286ECD820037C0F8 /* Assets.xcassets */; };
		95D59F1C286ECD820037C0F8 /* Assets.xcassets in Resources */ = {isa = PBXBuildFile; fileRef = 95D59F09286ECD820037C0F8 /* Assets.xcassets */; };
		9DA3422256C73672EDE6E565 /* Pods_Xsolla_WebView__iOS_.framework in Frameworks */ = {isa = PBXBuildFile; fileRef = 60D2DE72D08B683CFD06E18D /* Pods_Xsolla_WebView__iOS_.framework */; };
		D9BAF7315C6F845EEB204D69 /* Pods_Xsolla_WebView__macOS_.framework in Frameworks */ = {isa = PBXBuildFile; fileRef = EB35A16CADA8ABB8B60A6AA7 /* Pods_Xsolla_WebView__macOS_.framework */; };
/* End PBXBuildFile section */

/* Begin PBXFileReference section */
		29A7F9435F2C0C3ADCFFDB51 /* Pods-Xsolla WebView (iOS).debug.xcconfig */ = {isa = PBXFileReference; includeInIndex = 1; lastKnownFileType = text.xcconfig; name = "Pods-Xsolla WebView (iOS).debug.xcconfig"; path = "Target Support Files/Pods-Xsolla WebView (iOS)/Pods-Xsolla WebView (iOS).debug.xcconfig"; sourceTree = "<group>"; };
		60D2DE72D08B683CFD06E18D /* Pods_Xsolla_WebView__iOS_.framework */ = {isa = PBXFileReference; explicitFileType = wrapper.framework; includeInIndex = 0; path = Pods_Xsolla_WebView__iOS_.framework; sourceTree = BUILT_PRODUCTS_DIR; };
		6A0A60A9C252D4B7AE0C90B5 /* Pods-Xsolla WebView (macOS).debug.xcconfig */ = {isa = PBXFileReference; includeInIndex = 1; lastKnownFileType = text.xcconfig; name = "Pods-Xsolla WebView (macOS).debug.xcconfig"; path = "Target Support Files/Pods-Xsolla WebView (macOS)/Pods-Xsolla WebView (macOS).debug.xcconfig"; sourceTree = "<group>"; };
		7653F4E5C9F6FBC7FA713AAD /* Pods-Xsolla WebView (iOS).release.xcconfig */ = {isa = PBXFileReference; includeInIndex = 1; lastKnownFileType = text.xcconfig; name = "Pods-Xsolla WebView (iOS).release.xcconfig"; path = "Target Support Files/Pods-Xsolla WebView (iOS)/Pods-Xsolla WebView (iOS).release.xcconfig"; sourceTree = "<group>"; };
		956E4262286F1D2D007EC0CE /* Xsolla WebView (iOS).entitlements */ = {isa = PBXFileReference; lastKnownFileType = text.plist.entitlements; path = "Xsolla WebView (iOS).entitlements"; sourceTree = "<group>"; };
		957FD7CB2872C3F60020F26F /* WebView.swift */ = {isa = PBXFileReference; lastKnownFileType = sourcecode.swift; path = WebView.swift; sourceTree = "<group>"; };
		957FD7D1287449350020F26F /* WKWebViewScreen.swift */ = {isa = PBXFileReference; lastKnownFileType = sourcecode.swift; path = WKWebViewScreen.swift; sourceTree = "<group>"; };
		95D59F07286ECD7E0037C0F8 /* Xsolla_WebViewApp.swift */ = {isa = PBXFileReference; lastKnownFileType = sourcecode.swift; path = Xsolla_WebViewApp.swift; sourceTree = "<group>"; };
		95D59F08286ECD7E0037C0F8 /* ContentView.swift */ = {isa = PBXFileReference; lastKnownFileType = sourcecode.swift; path = ContentView.swift; sourceTree = "<group>"; };
		95D59F09286ECD820037C0F8 /* Assets.xcassets */ = {isa = PBXFileReference; lastKnownFileType = folder.assetcatalog; path = Assets.xcassets; sourceTree = "<group>"; };
		95D59F0E286ECD820037C0F8 /* Xsolla WebView.app */ = {isa = PBXFileReference; explicitFileType = wrapper.application; includeInIndex = 0; path = "Xsolla WebView.app"; sourceTree = BUILT_PRODUCTS_DIR; };
		95D59F14286ECD820037C0F8 /* Xsolla WebView.app */ = {isa = PBXFileReference; explicitFileType = wrapper.application; includeInIndex = 0; path = "Xsolla WebView.app"; sourceTree = BUILT_PRODUCTS_DIR; };
		95D59F16286ECD820037C0F8 /* macOS.entitlements */ = {isa = PBXFileReference; lastKnownFileType = text.plist.entitlements; path = macOS.entitlements; sourceTree = "<group>"; };
		B2894D6EAC62F396368029EA /* Pods-Xsolla WebView (macOS).release.xcconfig */ = {isa = PBXFileReference; includeInIndex = 1; lastKnownFileType = text.xcconfig; name = "Pods-Xsolla WebView (macOS).release.xcconfig"; path = "Target Support Files/Pods-Xsolla WebView (macOS)/Pods-Xsolla WebView (macOS).release.xcconfig"; sourceTree = "<group>"; };
		EB35A16CADA8ABB8B60A6AA7 /* Pods_Xsolla_WebView__macOS_.framework */ = {isa = PBXFileReference; explicitFileType = wrapper.framework; includeInIndex = 0; path = Pods_Xsolla_WebView__macOS_.framework; sourceTree = BUILT_PRODUCTS_DIR; };
/* End PBXFileReference section */

/* Begin PBXFrameworksBuildPhase section */
		95D59F0B286ECD820037C0F8 /* Frameworks */ = {
			isa = PBXFrameworksBuildPhase;
			buildActionMask = 2147483647;
			files = (
				9DA3422256C73672EDE6E565 /* Pods_Xsolla_WebView__iOS_.framework in Frameworks */,
			);
			runOnlyForDeploymentPostprocessing = 0;
		};
		95D59F11286ECD820037C0F8 /* Frameworks */ = {
			isa = PBXFrameworksBuildPhase;
			buildActionMask = 2147483647;
			files = (
				D9BAF7315C6F845EEB204D69 /* Pods_Xsolla_WebView__macOS_.framework in Frameworks */,
			);
			runOnlyForDeploymentPostprocessing = 0;
		};
/* End PBXFrameworksBuildPhase section */

/* Begin PBXGroup section */
		28E9320429CC96233A3D5463 /* Pods */ = {
			isa = PBXGroup;
			children = (
				29A7F9435F2C0C3ADCFFDB51 /* Pods-Xsolla WebView (iOS).debug.xcconfig */,
				7653F4E5C9F6FBC7FA713AAD /* Pods-Xsolla WebView (iOS).release.xcconfig */,
				6A0A60A9C252D4B7AE0C90B5 /* Pods-Xsolla WebView (macOS).debug.xcconfig */,
				B2894D6EAC62F396368029EA /* Pods-Xsolla WebView (macOS).release.xcconfig */,
			);
			path = Pods;
			sourceTree = "<group>";
		};
		95D59F01286ECD7D0037C0F8 = {
			isa = PBXGroup;
			children = (
				956E4262286F1D2D007EC0CE /* Xsolla WebView (iOS).entitlements */,
				95D59F06286ECD7E0037C0F8 /* Shared */,
				95D59F15286ECD820037C0F8 /* macOS */,
				95D59F0F286ECD820037C0F8 /* Products */,
				28E9320429CC96233A3D5463 /* Pods */,
				F240AA11C1ABEC1A3E77308C /* Frameworks */,
			);
			sourceTree = "<group>";
		};
		95D59F06286ECD7E0037C0F8 /* Shared */ = {
			isa = PBXGroup;
			children = (
				95D59F07286ECD7E0037C0F8 /* Xsolla_WebViewApp.swift */,
				95D59F08286ECD7E0037C0F8 /* ContentView.swift */,
				95D59F09286ECD820037C0F8 /* Assets.xcassets */,
				957FD7CB2872C3F60020F26F /* WebView.swift */,
				957FD7D1287449350020F26F /* WKWebViewScreen.swift */,
			);
			path = Shared;
			sourceTree = "<group>";
		};
		95D59F0F286ECD820037C0F8 /* Products */ = {
			isa = PBXGroup;
			children = (
				95D59F0E286ECD820037C0F8 /* Xsolla WebView.app */,
				95D59F14286ECD820037C0F8 /* Xsolla WebView.app */,
			);
			name = Products;
			sourceTree = "<group>";
		};
		95D59F15286ECD820037C0F8 /* macOS */ = {
			isa = PBXGroup;
			children = (
				95D59F16286ECD820037C0F8 /* macOS.entitlements */,
			);
			path = macOS;
			sourceTree = "<group>";
		};
		F240AA11C1ABEC1A3E77308C /* Frameworks */ = {
			isa = PBXGroup;
			children = (
				60D2DE72D08B683CFD06E18D /* Pods_Xsolla_WebView__iOS_.framework */,
				EB35A16CADA8ABB8B60A6AA7 /* Pods_Xsolla_WebView__macOS_.framework */,
			);
			name = Frameworks;
			sourceTree = "<group>";
		};
/* End PBXGroup section */

/* Begin PBXNativeTarget section */
		95D59F0D286ECD820037C0F8 /* Xsolla WebView (iOS) */ = {
			isa = PBXNativeTarget;
			buildConfigurationList = 95D59F1F286ECD820037C0F8 /* Build configuration list for PBXNativeTarget "Xsolla WebView (iOS)" */;
			buildPhases = (
				94DECA3ADDD4E8AC228CA687 /* [CP] Check Pods Manifest.lock */,
				95D59F0A286ECD820037C0F8 /* Sources */,
				95D59F0B286ECD820037C0F8 /* Frameworks */,
				95D59F0C286ECD820037C0F8 /* Resources */,
			);
			buildRules = (
			);
			dependencies = (
			);
			name = "Xsolla WebView (iOS)";
			productName = "Xsolla WebView (iOS)";
			productReference = 95D59F0E286ECD820037C0F8 /* Xsolla WebView.app */;
			productType = "com.apple.product-type.application";
		};
		95D59F13286ECD820037C0F8 /* Xsolla WebView (macOS) */ = {
			isa = PBXNativeTarget;
			buildConfigurationList = 95D59F22286ECD820037C0F8 /* Build configuration list for PBXNativeTarget "Xsolla WebView (macOS)" */;
			buildPhases = (
				C40881BDE5F419A0CBE17F1B /* [CP] Check Pods Manifest.lock */,
				95D59F10286ECD820037C0F8 /* Sources */,
				95D59F11286ECD820037C0F8 /* Frameworks */,
				95D59F12286ECD820037C0F8 /* Resources */,
			);
			buildRules = (
			);
			dependencies = (
			);
			name = "Xsolla WebView (macOS)";
			productName = "Xsolla WebView (macOS)";
			productReference = 95D59F14286ECD820037C0F8 /* Xsolla WebView.app */;
			productType = "com.apple.product-type.application";
		};
/* End PBXNativeTarget section */

/* Begin PBXProject section */
		95D59F02286ECD7D0037C0F8 /* Project object */ = {
			isa = PBXProject;
			attributes = {
				BuildIndependentTargetsInParallel = 1;
				LastSwiftUpdateCheck = 1340;
				LastUpgradeCheck = 1340;
				TargetAttributes = {
					95D59F0D286ECD820037C0F8 = {
						CreatedOnToolsVersion = 13.4.1;
					};
					95D59F13286ECD820037C0F8 = {
						CreatedOnToolsVersion = 13.4.1;
					};
				};
			};
			buildConfigurationList = 95D59F05286ECD7D0037C0F8 /* Build configuration list for PBXProject "Xsolla WebView" */;
			compatibilityVersion = "Xcode 13.0";
			developmentRegion = en;
			hasScannedForEncodings = 0;
			knownRegions = (
				en,
				Base,
			);
			mainGroup = 95D59F01286ECD7D0037C0F8;
			productRefGroup = 95D59F0F286ECD820037C0F8 /* Products */;
			projectDirPath = "";
			projectRoot = "";
			targets = (
				95D59F0D286ECD820037C0F8 /* Xsolla WebView (iOS) */,
				95D59F13286ECD820037C0F8 /* Xsolla WebView (macOS) */,
			);
		};
/* End PBXProject section */

/* Begin PBXResourcesBuildPhase section */
		95D59F0C286ECD820037C0F8 /* Resources */ = {
			isa = PBXResourcesBuildPhase;
			buildActionMask = 2147483647;
			files = (
				95D59F1B286ECD820037C0F8 /* Assets.xcassets in Resources */,
			);
			runOnlyForDeploymentPostprocessing = 0;
		};
		95D59F12286ECD820037C0F8 /* Resources */ = {
			isa = PBXResourcesBuildPhase;
			buildActionMask = 2147483647;
			files = (
				95D59F1C286ECD820037C0F8 /* Assets.xcassets in Resources */,
			);
			runOnlyForDeploymentPostprocessing = 0;
		};
/* End PBXResourcesBuildPhase section */

/* Begin PBXShellScriptBuildPhase section */
		94DECA3ADDD4E8AC228CA687 /* [CP] Check Pods Manifest.lock */ = {
			isa = PBXShellScriptBuildPhase;
			buildActionMask = 2147483647;
			files = (
			);
			inputFileListPaths = (
			);
			inputPaths = (
				"${PODS_PODFILE_DIR_PATH}/Podfile.lock",
				"${PODS_ROOT}/Manifest.lock",
			);
			name = "[CP] Check Pods Manifest.lock";
			outputFileListPaths = (
			);
			outputPaths = (
				"$(DERIVED_FILE_DIR)/Pods-Xsolla WebView (iOS)-checkManifestLockResult.txt",
			);
			runOnlyForDeploymentPostprocessing = 0;
			shellPath = /bin/sh;
			shellScript = "diff \"${PODS_PODFILE_DIR_PATH}/Podfile.lock\" \"${PODS_ROOT}/Manifest.lock\" > /dev/null\nif [ $? != 0 ] ; then\n    # print error to STDERR\n    echo \"error: The sandbox is not in sync with the Podfile.lock. Run 'pod install' or update your CocoaPods installation.\" >&2\n    exit 1\nfi\n# This output is used by Xcode 'outputs' to avoid re-running this script phase.\necho \"SUCCESS\" > \"${SCRIPT_OUTPUT_FILE_0}\"\n";
			showEnvVarsInLog = 0;
		};
		C40881BDE5F419A0CBE17F1B /* [CP] Check Pods Manifest.lock */ = {
			isa = PBXShellScriptBuildPhase;
			buildActionMask = 2147483647;
			files = (
			);
			inputFileListPaths = (
			);
			inputPaths = (
				"${PODS_PODFILE_DIR_PATH}/Podfile.lock",
				"${PODS_ROOT}/Manifest.lock",
			);
			name = "[CP] Check Pods Manifest.lock";
			outputFileListPaths = (
			);
			outputPaths = (
				"$(DERIVED_FILE_DIR)/Pods-Xsolla WebView (macOS)-checkManifestLockResult.txt",
			);
			runOnlyForDeploymentPostprocessing = 0;
			shellPath = /bin/sh;
			shellScript = "diff \"${PODS_PODFILE_DIR_PATH}/Podfile.lock\" \"${PODS_ROOT}/Manifest.lock\" > /dev/null\nif [ $? != 0 ] ; then\n    # print error to STDERR\n    echo \"error: The sandbox is not in sync with the Podfile.lock. Run 'pod install' or update your CocoaPods installation.\" >&2\n    exit 1\nfi\n# This output is used by Xcode 'outputs' to avoid re-running this script phase.\necho \"SUCCESS\" > \"${SCRIPT_OUTPUT_FILE_0}\"\n";
			showEnvVarsInLog = 0;
		};
/* End PBXShellScriptBuildPhase section */

/* Begin PBXSourcesBuildPhase section */
		95D59F0A286ECD820037C0F8 /* Sources */ = {
			isa = PBXSourcesBuildPhase;
			buildActionMask = 2147483647;
			files = (
				957FD7CC2872C3F60020F26F /* WebView.swift in Sources */,
				957FD7D2287449350020F26F /* WKWebViewScreen.swift in Sources */,
				95D59F19286ECD820037C0F8 /* ContentView.swift in Sources */,
				95D59F17286ECD820037C0F8 /* Xsolla_WebViewApp.swift in Sources */,
			);
			runOnlyForDeploymentPostprocessing = 0;
		};
		95D59F10286ECD820037C0F8 /* Sources */ = {
			isa = PBXSourcesBuildPhase;
			buildActionMask = 2147483647;
			files = (
				957FD7CD2872C3F60020F26F /* WebView.swift in Sources */,
				957FD7D3287449350020F26F /* WKWebViewScreen.swift in Sources */,
				95D59F1A286ECD820037C0F8 /* ContentView.swift in Sources */,
				95D59F18286ECD820037C0F8 /* Xsolla_WebViewApp.swift in Sources */,
			);
			runOnlyForDeploymentPostprocessing = 0;
		};
/* End PBXSourcesBuildPhase section */

/* Begin XCBuildConfiguration section */
		95D59F1D286ECD820037C0F8 /* Debug */ = {
			isa = XCBuildConfiguration;
			buildSettings = {
				ALWAYS_SEARCH_USER_PATHS = NO;
				CLANG_ANALYZER_NONNULL = YES;
				CLANG_ANALYZER_NUMBER_OBJECT_CONVERSION = YES_AGGRESSIVE;
				CLANG_CXX_LANGUAGE_STANDARD = "gnu++17";
				CLANG_ENABLE_MODULES = YES;
				CLANG_ENABLE_OBJC_ARC = YES;
				CLANG_ENABLE_OBJC_WEAK = YES;
				CLANG_WARN_BLOCK_CAPTURE_AUTORELEASING = YES;
				CLANG_WARN_BOOL_CONVERSION = YES;
				CLANG_WARN_COMMA = YES;
				CLANG_WARN_CONSTANT_CONVERSION = YES;
				CLANG_WARN_DEPRECATED_OBJC_IMPLEMENTATIONS = YES;
				CLANG_WARN_DIRECT_OBJC_ISA_USAGE = YES_ERROR;
				CLANG_WARN_DOCUMENTATION_COMMENTS = YES;
				CLANG_WARN_EMPTY_BODY = YES;
				CLANG_WARN_ENUM_CONVERSION = YES;
				CLANG_WARN_INFINITE_RECURSION = YES;
				CLANG_WARN_INT_CONVERSION = YES;
				CLANG_WARN_NON_LITERAL_NULL_CONVERSION = YES;
				CLANG_WARN_OBJC_IMPLICIT_RETAIN_SELF = YES;
				CLANG_WARN_OBJC_LITERAL_CONVERSION = YES;
				CLANG_WARN_OBJC_ROOT_CLASS = YES_ERROR;
				CLANG_WARN_QUOTED_INCLUDE_IN_FRAMEWORK_HEADER = YES;
				CLANG_WARN_RANGE_LOOP_ANALYSIS = YES;
				CLANG_WARN_STRICT_PROTOTYPES = YES;
				CLANG_WARN_SUSPICIOUS_MOVE = YES;
				CLANG_WARN_UNGUARDED_AVAILABILITY = YES_AGGRESSIVE;
				CLANG_WARN_UNREACHABLE_CODE = YES;
				CLANG_WARN__DUPLICATE_METHOD_MATCH = YES;
				COPY_PHASE_STRIP = NO;
				DEBUG_INFORMATION_FORMAT = dwarf;
				ENABLE_STRICT_OBJC_MSGSEND = YES;
				ENABLE_TESTABILITY = YES;
				GCC_C_LANGUAGE_STANDARD = gnu11;
				GCC_DYNAMIC_NO_PIC = NO;
				GCC_NO_COMMON_BLOCKS = YES;
				GCC_OPTIMIZATION_LEVEL = 0;
				GCC_PREPROCESSOR_DEFINITIONS = (
					"DEBUG=1",
					"$(inherited)",
				);
				GCC_WARN_64_TO_32_BIT_CONVERSION = YES;
				GCC_WARN_ABOUT_RETURN_TYPE = YES_ERROR;
				GCC_WARN_UNDECLARED_SELECTOR = YES;
				GCC_WARN_UNINITIALIZED_AUTOS = YES_AGGRESSIVE;
				GCC_WARN_UNUSED_FUNCTION = YES;
				GCC_WARN_UNUSED_VARIABLE = YES;
				MTL_ENABLE_DEBUG_INFO = INCLUDE_SOURCE;
				MTL_FAST_MATH = YES;
				ONLY_ACTIVE_ARCH = YES;
				SWIFT_ACTIVE_COMPILATION_CONDITIONS = DEBUG;
				SWIFT_OPTIMIZATION_LEVEL = "-Onone";
			};
			name = Debug;
		};
		95D59F1E286ECD820037C0F8 /* Release */ = {
			isa = XCBuildConfiguration;
			buildSettings = {
				ALWAYS_SEARCH_USER_PATHS = NO;
				CLANG_ANALYZER_NONNULL = YES;
				CLANG_ANALYZER_NUMBER_OBJECT_CONVERSION = YES_AGGRESSIVE;
				CLANG_CXX_LANGUAGE_STANDARD = "gnu++17";
				CLANG_ENABLE_MODULES = YES;
				CLANG_ENABLE_OBJC_ARC = YES;
				CLANG_ENABLE_OBJC_WEAK = YES;
				CLANG_WARN_BLOCK_CAPTURE_AUTORELEASING = YES;
				CLANG_WARN_BOOL_CONVERSION = YES;
				CLANG_WARN_COMMA = YES;
				CLANG_WARN_CONSTANT_CONVERSION = YES;
				CLANG_WARN_DEPRECATED_OBJC_IMPLEMENTATIONS = YES;
				CLANG_WARN_DIRECT_OBJC_ISA_USAGE = YES_ERROR;
				CLANG_WARN_DOCUMENTATION_COMMENTS = YES;
				CLANG_WARN_EMPTY_BODY = YES;
				CLANG_WARN_ENUM_CONVERSION = YES;
				CLANG_WARN_INFINITE_RECURSION = YES;
				CLANG_WARN_INT_CONVERSION = YES;
				CLANG_WARN_NON_LITERAL_NULL_CONVERSION = YES;
				CLANG_WARN_OBJC_IMPLICIT_RETAIN_SELF = YES;
				CLANG_WARN_OBJC_LITERAL_CONVERSION = YES;
				CLANG_WARN_OBJC_ROOT_CLASS = YES_ERROR;
				CLANG_WARN_QUOTED_INCLUDE_IN_FRAMEWORK_HEADER = YES;
				CLANG_WARN_RANGE_LOOP_ANALYSIS = YES;
				CLANG_WARN_STRICT_PROTOTYPES = YES;
				CLANG_WARN_SUSPICIOUS_MOVE = YES;
				CLANG_WARN_UNGUARDED_AVAILABILITY = YES_AGGRESSIVE;
				CLANG_WARN_UNREACHABLE_CODE = YES;
				CLANG_WARN__DUPLICATE_METHOD_MATCH = YES;
				COPY_PHASE_STRIP = NO;
				DEBUG_INFORMATION_FORMAT = "dwarf-with-dsym";
				ENABLE_NS_ASSERTIONS = NO;
				ENABLE_STRICT_OBJC_MSGSEND = YES;
				GCC_C_LANGUAGE_STANDARD = gnu11;
				GCC_NO_COMMON_BLOCKS = YES;
				GCC_WARN_64_TO_32_BIT_CONVERSION = YES;
				GCC_WARN_ABOUT_RETURN_TYPE = YES_ERROR;
				GCC_WARN_UNDECLARED_SELECTOR = YES;
				GCC_WARN_UNINITIALIZED_AUTOS = YES_AGGRESSIVE;
				GCC_WARN_UNUSED_FUNCTION = YES;
				GCC_WARN_UNUSED_VARIABLE = YES;
				MTL_ENABLE_DEBUG_INFO = NO;
				MTL_FAST_MATH = YES;
				SWIFT_COMPILATION_MODE = wholemodule;
				SWIFT_OPTIMIZATION_LEVEL = "-O";
			};
			name = Release;
		};
		95D59F20286ECD820037C0F8 /* Debug */ = {
			isa = XCBuildConfiguration;
			baseConfigurationReference = 29A7F9435F2C0C3ADCFFDB51 /* Pods-Xsolla WebView (iOS).debug.xcconfig */;
			buildSettings = {
				ASSETCATALOG_COMPILER_APPICON_NAME = AppIcon;
				ASSETCATALOG_COMPILER_GLOBAL_ACCENT_COLOR_NAME = AccentColor;
				CODE_SIGN_ENTITLEMENTS = "Xsolla WebView (iOS).entitlements";
				CODE_SIGN_STYLE = Automatic;
				CURRENT_PROJECT_VERSION = 1;
				DEVELOPMENT_TEAM = BS94NS846J;
				ENABLE_PREVIEWS = YES;
				GENERATE_INFOPLIST_FILE = YES;
				INFOPLIST_KEY_UIApplicationSceneManifest_Generation = YES;
				INFOPLIST_KEY_UIApplicationSupportsIndirectInputEvents = YES;
				INFOPLIST_KEY_UILaunchScreen_Generation = YES;
				INFOPLIST_KEY_UISupportedInterfaceOrientations_iPad = "UIInterfaceOrientationPortrait UIInterfaceOrientationPortraitUpsideDown UIInterfaceOrientationLandscapeLeft UIInterfaceOrientationLandscapeRight";
				INFOPLIST_KEY_UISupportedInterfaceOrientations_iPhone = "UIInterfaceOrientationPortrait UIInterfaceOrientationLandscapeLeft UIInterfaceOrientationLandscapeRight";
				IPHONEOS_DEPLOYMENT_TARGET = 15.5;
				LD_RUNPATH_SEARCH_PATHS = (
					"$(inherited)",
					"@executable_path/Frameworks",
				);
				MARKETING_VERSION = 1.0;
				PRODUCT_BUNDLE_IDENTIFIER = "com.poluhin.Xsolla-WebView";
				PRODUCT_NAME = "Xsolla WebView";
				SDKROOT = iphoneos;
				SUPPORTS_MACCATALYST = NO;
				SWIFT_EMIT_LOC_STRINGS = YES;
				SWIFT_VERSION = 5.0;
				TARGETED_DEVICE_FAMILY = "1,2";
			};
			name = Debug;
		};
		95D59F21286ECD820037C0F8 /* Release */ = {
			isa = XCBuildConfiguration;
			baseConfigurationReference = 7653F4E5C9F6FBC7FA713AAD /* Pods-Xsolla WebView (iOS).release.xcconfig */;
			buildSettings = {
				ASSETCATALOG_COMPILER_APPICON_NAME = AppIcon;
				ASSETCATALOG_COMPILER_GLOBAL_ACCENT_COLOR_NAME = AccentColor;
				CODE_SIGN_ENTITLEMENTS = "Xsolla WebView (iOS).entitlements";
				CODE_SIGN_STYLE = Automatic;
				CURRENT_PROJECT_VERSION = 1;
				DEVELOPMENT_TEAM = BS94NS846J;
				ENABLE_PREVIEWS = YES;
				GENERATE_INFOPLIST_FILE = YES;
				INFOPLIST_KEY_UIApplicationSceneManifest_Generation = YES;
				INFOPLIST_KEY_UIApplicationSupportsIndirectInputEvents = YES;
				INFOPLIST_KEY_UILaunchScreen_Generation = YES;
				INFOPLIST_KEY_UISupportedInterfaceOrientations_iPad = "UIInterfaceOrientationPortrait UIInterfaceOrientationPortraitUpsideDown UIInterfaceOrientationLandscapeLeft UIInterfaceOrientationLandscapeRight";
				INFOPLIST_KEY_UISupportedInterfaceOrientations_iPhone = "UIInterfaceOrientationPortrait UIInterfaceOrientationLandscapeLeft UIInterfaceOrientationLandscapeRight";
				IPHONEOS_DEPLOYMENT_TARGET = 15.5;
				LD_RUNPATH_SEARCH_PATHS = (
					"$(inherited)",
					"@executable_path/Frameworks",
				);
				MARKETING_VERSION = 1.0;
				PRODUCT_BUNDLE_IDENTIFIER = "com.poluhin.Xsolla-WebView";
				PRODUCT_NAME = "Xsolla WebView";
				SDKROOT = iphoneos;
				SUPPORTS_MACCATALYST = NO;
				SWIFT_EMIT_LOC_STRINGS = YES;
				SWIFT_VERSION = 5.0;
				TARGETED_DEVICE_FAMILY = "1,2";
				VALIDATE_PRODUCT = YES;
			};
			name = Release;
		};
		95D59F23286ECD820037C0F8 /* Debug */ = {
			isa = XCBuildConfiguration;
			baseConfigurationReference = 6A0A60A9C252D4B7AE0C90B5 /* Pods-Xsolla WebView (macOS).debug.xcconfig */;
			buildSettings = {
				ASSETCATALOG_COMPILER_APPICON_NAME = AppIcon;
				ASSETCATALOG_COMPILER_GLOBAL_ACCENT_COLOR_NAME = AccentColor;
				CODE_SIGN_ENTITLEMENTS = macOS/macOS.entitlements;
				CODE_SIGN_STYLE = Automatic;
				COMBINE_HIDPI_IMAGES = YES;
				CURRENT_PROJECT_VERSION = 1;
				ENABLE_PREVIEWS = YES;
				GENERATE_INFOPLIST_FILE = YES;
				INFOPLIST_KEY_NSHumanReadableCopyright = "";
				LD_RUNPATH_SEARCH_PATHS = (
					"$(inherited)",
					"@executable_path/../Frameworks",
				);
				MACOSX_DEPLOYMENT_TARGET = 12.3;
				MARKETING_VERSION = 1.0;
				PRODUCT_BUNDLE_IDENTIFIER = "com.xsolla.Xsolla-WebView";
				PRODUCT_NAME = "Xsolla WebView";
				SDKROOT = macosx;
				SWIFT_EMIT_LOC_STRINGS = YES;
				SWIFT_VERSION = 5.0;
			};
			name = Debug;
		};
		95D59F24286ECD820037C0F8 /* Release */ = {
			isa = XCBuildConfiguration;
			baseConfigurationReference = B2894D6EAC62F396368029EA /* Pods-Xsolla WebView (macOS).release.xcconfig */;
			buildSettings = {
				ASSETCATALOG_COMPILER_APPICON_NAME = AppIcon;
				ASSETCATALOG_COMPILER_GLOBAL_ACCENT_COLOR_NAME = AccentColor;
				CODE_SIGN_ENTITLEMENTS = macOS/macOS.entitlements;
				CODE_SIGN_STYLE = Automatic;
				COMBINE_HIDPI_IMAGES = YES;
				CURRENT_PROJECT_VERSION = 1;
				ENABLE_PREVIEWS = YES;
				GENERATE_INFOPLIST_FILE = YES;
				INFOPLIST_KEY_NSHumanReadableCopyright = "";
				LD_RUNPATH_SEARCH_PATHS = (
					"$(inherited)",
					"@executable_path/../Frameworks",
				);
				MACOSX_DEPLOYMENT_TARGET = 12.3;
				MARKETING_VERSION = 1.0;
				PRODUCT_BUNDLE_IDENTIFIER = "com.xsolla.Xsolla-WebView";
				PRODUCT_NAME = "Xsolla WebView";
				SDKROOT = macosx;
				SWIFT_EMIT_LOC_STRINGS = YES;
				SWIFT_VERSION = 5.0;
			};
			name = Release;
		};
/* End XCBuildConfiguration section */

/* Begin XCConfigurationList section */
		95D59F05286ECD7D0037C0F8 /* Build configuration list for PBXProject "Xsolla WebView" */ = {
			isa = XCConfigurationList;
			buildConfigurations = (
				95D59F1D286ECD820037C0F8 /* Debug */,
				95D59F1E286ECD820037C0F8 /* Release */,
			);
			defaultConfigurationIsVisible = 0;
			defaultConfigurationName = Release;
		};
		95D59F1F286ECD820037C0F8 /* Build configuration list for PBXNativeTarget "Xsolla WebView (iOS)" */ = {
			isa = XCConfigurationList;
			buildConfigurations = (
				95D59F20286ECD820037C0F8 /* Debug */,
				95D59F21286ECD820037C0F8 /* Release */,
			);
			defaultConfigurationIsVisible = 0;
			defaultConfigurationName = Release;
		};
		95D59F22286ECD820037C0F8 /* Build configuration list for PBXNativeTarget "Xsolla WebView (macOS)" */ = {
			isa = XCConfigurationList;
			buildConfigurations = (
				95D59F23286ECD820037C0F8 /* Debug */,
				95D59F24286ECD820037C0F8 /* Release */,
			);
			defaultConfigurationIsVisible = 0;
			defaultConfigurationName = Release;
		};
/* End XCConfigurationList section */
	};
	rootObject = 95D59F02286ECD7D0037C0F8 /* Project object */;
}
